// !$*UTF8*$!
{
	archiveVersion = 1;
	classes = {
	};
	objectVersion = 46;
	objects = {

/* Begin PBXBuildFile section */
		D306B0DB1A61D3E00039A158 /* AppDelegate.swift in Sources */ = {isa = PBXBuildFile; fileRef = D306B0DA1A61D3E00039A158 /* AppDelegate.swift */; };
		D306B0E01A61D3E00039A158 /* Main.storyboard in Resources */ = {isa = PBXBuildFile; fileRef = D306B0DE1A61D3E00039A158 /* Main.storyboard */; };
		D306B0E21A61D3E00039A158 /* Images.xcassets in Resources */ = {isa = PBXBuildFile; fileRef = D306B0E11A61D3E00039A158 /* Images.xcassets */; };
		D306B0F11A61D3E00039A158 /* EnjoyPnDTests.swift in Sources */ = {isa = PBXBuildFile; fileRef = D306B0F01A61D3E00039A158 /* EnjoyPnDTests.swift */; };
		D306B0FB1A61DF930039A158 /* Ubuntu.ttf in Resources */ = {isa = PBXBuildFile; fileRef = D306B0FA1A61DF930039A158 /* Ubuntu.ttf */; };
		D306B1291A61E1810039A158 /* QuartzCore.framework in Frameworks */ = {isa = PBXBuildFile; fileRef = D306B1261A61E1590039A158 /* QuartzCore.framework */; };
		D306B12A1A61E1810039A158 /* MobileCoreServices.framework in Frameworks */ = {isa = PBXBuildFile; fileRef = D306B1241A61E14E0039A158 /* MobileCoreServices.framework */; };
		D306B12B1A61E1810039A158 /* CoreLocation.framework in Frameworks */ = {isa = PBXBuildFile; fileRef = D306B1221A61E1450039A158 /* CoreLocation.framework */; };
		D306B12C1A61E1810039A158 /* CoreGraphics.framework in Frameworks */ = {isa = PBXBuildFile; fileRef = D306B1201A61E13D0039A158 /* CoreGraphics.framework */; };
		D306B12D1A61E1810039A158 /* CFNetwork.framework in Frameworks */ = {isa = PBXBuildFile; fileRef = D306B11E1A61E1340039A158 /* CFNetwork.framework */; };
		D306B12E1A61E1810039A158 /* UIKit.framework in Frameworks */ = {isa = PBXBuildFile; fileRef = D306B11C1A61E12B0039A158 /* UIKit.framework */; };
		D306B12F1A61E1810039A158 /* Foundation.framework in Frameworks */ = {isa = PBXBuildFile; fileRef = D306B11A1A61E1230039A158 /* Foundation.framework */; };
		D306B1301A61E1810039A158 /* SystemConfiguration.framework in Frameworks */ = {isa = PBXBuildFile; fileRef = D306B1181A61E11C0039A158 /* SystemConfiguration.framework */; };
		D306B1311A61E1810039A158 /* StoreKit.framework in Frameworks */ = {isa = PBXBuildFile; fileRef = D306B1161A61E1100039A158 /* StoreKit.framework */; };
		D306B1321A61E1810039A158 /* CoreTelephony.framework in Frameworks */ = {isa = PBXBuildFile; fileRef = D306B1141A61E1070039A158 /* CoreTelephony.framework */; };
		D306B1331A61E1810039A158 /* CoreText.framework in Frameworks */ = {isa = PBXBuildFile; fileRef = D306B1121A61E0FC0039A158 /* CoreText.framework */; };
		D306B1341A61E1810039A158 /* Security.framework in Frameworks */ = {isa = PBXBuildFile; fileRef = D306B1101A61E0F30039A158 /* Security.framework */; };
		D306B1351A61E1810039A158 /* Accounts.framework in Frameworks */ = {isa = PBXBuildFile; fileRef = D306B10E1A61E0E80039A158 /* Accounts.framework */; };
		D306B1361A61E1810039A158 /* Social.framework in Frameworks */ = {isa = PBXBuildFile; fileRef = D306B10C1A61E0E00039A158 /* Social.framework */; };
		D306B1371A61E1810039A158 /* libstdc++.6.dylib in Frameworks */ = {isa = PBXBuildFile; fileRef = D306B10A1A61E0D60039A158 /* libstdc++.6.dylib */; };
		D306B1381A61E1810039A158 /* libsqlite3.dylib in Frameworks */ = {isa = PBXBuildFile; fileRef = D306B1081A61E0C40039A158 /* libsqlite3.dylib */; };
		D306B1391A61E1810039A158 /* libz.dylib in Frameworks */ = {isa = PBXBuildFile; fileRef = D306B1061A61E0BA0039A158 /* libz.dylib */; };
		D306B13A1A61E1810039A158 /* Bolts.framework in Frameworks */ = {isa = PBXBuildFile; fileRef = D306B1001A61E0780039A158 /* Bolts.framework */; };
		D306B13B1A61E1810039A158 /* Parse.framework in Frameworks */ = {isa = PBXBuildFile; fileRef = D306B1011A61E0780039A158 /* Parse.framework */; };
		D306B13C1A61E1810039A158 /* ParseCrashReporting.framework in Frameworks */ = {isa = PBXBuildFile; fileRef = D306B1021A61E0780039A158 /* ParseCrashReporting.framework */; };
		D306B1421A61E30C0039A158 /* AudioToolbox.framework in Frameworks */ = {isa = PBXBuildFile; fileRef = D306B1411A61E30C0039A158 /* AudioToolbox.framework */; };
		D306B1441A61E5480039A158 /* HomeController.swift in Sources */ = {isa = PBXBuildFile; fileRef = D306B1431A61E5480039A158 /* HomeController.swift */; };
		D3AC9ADD1A62042B000A0A76 /* AddInfoController.swift in Sources */ = {isa = PBXBuildFile; fileRef = D3AC9ADC1A62042B000A0A76 /* AddInfoController.swift */; };
		D3C0F4451A61EB860092F126 /* User.swift in Sources */ = {isa = PBXBuildFile; fileRef = D3C0F4441A61EB860092F126 /* User.swift */; };
		D3C0F4471A61EC970092F126 /* NoAnimationSegue.swift in Sources */ = {isa = PBXBuildFile; fileRef = D3C0F4461A61EC970092F126 /* NoAnimationSegue.swift */; };
		D3C0F4491A61EE350092F126 /* LoginViewController.swift in Sources */ = {isa = PBXBuildFile; fileRef = D3C0F4481A61EE350092F126 /* LoginViewController.swift */; };
		D3C0F44B1A61EE3F0092F126 /* RegisterViewController.swift in Sources */ = {isa = PBXBuildFile; fileRef = D3C0F44A1A61EE3F0092F126 /* RegisterViewController.swift */; };
/* End PBXBuildFile section */

/* Begin PBXContainerItemProxy section */
		D306B0EB1A61D3E00039A158 /* PBXContainerItemProxy */ = {
			isa = PBXContainerItemProxy;
			containerPortal = D306B0CD1A61D3E00039A158 /* Project object */;
			proxyType = 1;
			remoteGlobalIDString = D306B0D41A61D3E00039A158;
			remoteInfo = EnjoyPnD;
		};
/* End PBXContainerItemProxy section */

/* Begin PBXFileReference section */
		D306B0D51A61D3E00039A158 /* EnjoyPnD.app */ = {isa = PBXFileReference; explicitFileType = wrapper.application; includeInIndex = 0; path = EnjoyPnD.app; sourceTree = BUILT_PRODUCTS_DIR; };
		D306B0D91A61D3E00039A158 /* Info.plist */ = {isa = PBXFileReference; lastKnownFileType = text.plist.xml; path = Info.plist; sourceTree = "<group>"; };
		D306B0DA1A61D3E00039A158 /* AppDelegate.swift */ = {isa = PBXFileReference; lastKnownFileType = sourcecode.swift; path = AppDelegate.swift; sourceTree = "<group>"; };
		D306B0DF1A61D3E00039A158 /* Base */ = {isa = PBXFileReference; lastKnownFileType = file.storyboard; name = Base; path = Base.lproj/Main.storyboard; sourceTree = "<group>"; };
		D306B0E11A61D3E00039A158 /* Images.xcassets */ = {isa = PBXFileReference; lastKnownFileType = folder.assetcatalog; path = Images.xcassets; sourceTree = "<group>"; };
		D306B0EA1A61D3E00039A158 /* EnjoyPnDTests.xctest */ = {isa = PBXFileReference; explicitFileType = wrapper.cfbundle; includeInIndex = 0; path = EnjoyPnDTests.xctest; sourceTree = BUILT_PRODUCTS_DIR; };
		D306B0EF1A61D3E00039A158 /* Info.plist */ = {isa = PBXFileReference; lastKnownFileType = text.plist.xml; path = Info.plist; sourceTree = "<group>"; };
		D306B0F01A61D3E00039A158 /* EnjoyPnDTests.swift */ = {isa = PBXFileReference; lastKnownFileType = sourcecode.swift; path = EnjoyPnDTests.swift; sourceTree = "<group>"; };
		D306B0FA1A61DF930039A158 /* Ubuntu.ttf */ = {isa = PBXFileReference; lastKnownFileType = file; name = Ubuntu.ttf; path = "../../../../Downloads/ubuntu-font-family-0.80/Ubuntu.ttf"; sourceTree = "<group>"; };
		D306B1001A61E0780039A158 /* Bolts.framework */ = {isa = PBXFileReference; lastKnownFileType = wrapper.framework; name = Bolts.framework; path = Frameworks/Bolts.framework; sourceTree = "<group>"; };
		D306B1011A61E0780039A158 /* Parse.framework */ = {isa = PBXFileReference; lastKnownFileType = wrapper.framework; name = Parse.framework; path = Frameworks/Parse.framework; sourceTree = "<group>"; };
		D306B1021A61E0780039A158 /* ParseCrashReporting.framework */ = {isa = PBXFileReference; lastKnownFileType = wrapper.framework; name = ParseCrashReporting.framework; path = Frameworks/ParseCrashReporting.framework; sourceTree = "<group>"; };
		D306B1061A61E0BA0039A158 /* libz.dylib */ = {isa = PBXFileReference; lastKnownFileType = "compiled.mach-o.dylib"; name = libz.dylib; path = usr/lib/libz.dylib; sourceTree = SDKROOT; };
		D306B1081A61E0C40039A158 /* libsqlite3.dylib */ = {isa = PBXFileReference; lastKnownFileType = "compiled.mach-o.dylib"; name = libsqlite3.dylib; path = usr/lib/libsqlite3.dylib; sourceTree = SDKROOT; };
		D306B10A1A61E0D60039A158 /* libstdc++.6.dylib */ = {isa = PBXFileReference; lastKnownFileType = "compiled.mach-o.dylib"; name = "libstdc++.6.dylib"; path = "usr/lib/libstdc++.6.dylib"; sourceTree = SDKROOT; };
		D306B10C1A61E0E00039A158 /* Social.framework */ = {isa = PBXFileReference; lastKnownFileType = wrapper.framework; name = Social.framework; path = System/Library/Frameworks/Social.framework; sourceTree = SDKROOT; };
		D306B10E1A61E0E80039A158 /* Accounts.framework */ = {isa = PBXFileReference; lastKnownFileType = wrapper.framework; name = Accounts.framework; path = System/Library/Frameworks/Accounts.framework; sourceTree = SDKROOT; };
		D306B1101A61E0F30039A158 /* Security.framework */ = {isa = PBXFileReference; lastKnownFileType = wrapper.framework; name = Security.framework; path = System/Library/Frameworks/Security.framework; sourceTree = SDKROOT; };
		D306B1121A61E0FC0039A158 /* CoreText.framework */ = {isa = PBXFileReference; lastKnownFileType = wrapper.framework; name = CoreText.framework; path = System/Library/Frameworks/CoreText.framework; sourceTree = SDKROOT; };
		D306B1141A61E1070039A158 /* CoreTelephony.framework */ = {isa = PBXFileReference; lastKnownFileType = wrapper.framework; name = CoreTelephony.framework; path = System/Library/Frameworks/CoreTelephony.framework; sourceTree = SDKROOT; };
		D306B1161A61E1100039A158 /* StoreKit.framework */ = {isa = PBXFileReference; lastKnownFileType = wrapper.framework; name = StoreKit.framework; path = System/Library/Frameworks/StoreKit.framework; sourceTree = SDKROOT; };
		D306B1181A61E11C0039A158 /* SystemConfiguration.framework */ = {isa = PBXFileReference; lastKnownFileType = wrapper.framework; name = SystemConfiguration.framework; path = System/Library/Frameworks/SystemConfiguration.framework; sourceTree = SDKROOT; };
		D306B11A1A61E1230039A158 /* Foundation.framework */ = {isa = PBXFileReference; lastKnownFileType = wrapper.framework; name = Foundation.framework; path = System/Library/Frameworks/Foundation.framework; sourceTree = SDKROOT; };
		D306B11C1A61E12B0039A158 /* UIKit.framework */ = {isa = PBXFileReference; lastKnownFileType = wrapper.framework; name = UIKit.framework; path = System/Library/Frameworks/UIKit.framework; sourceTree = SDKROOT; };
		D306B11E1A61E1340039A158 /* CFNetwork.framework */ = {isa = PBXFileReference; lastKnownFileType = wrapper.framework; name = CFNetwork.framework; path = System/Library/Frameworks/CFNetwork.framework; sourceTree = SDKROOT; };
		D306B1201A61E13D0039A158 /* CoreGraphics.framework */ = {isa = PBXFileReference; lastKnownFileType = wrapper.framework; name = CoreGraphics.framework; path = System/Library/Frameworks/CoreGraphics.framework; sourceTree = SDKROOT; };
		D306B1221A61E1450039A158 /* CoreLocation.framework */ = {isa = PBXFileReference; lastKnownFileType = wrapper.framework; name = CoreLocation.framework; path = System/Library/Frameworks/CoreLocation.framework; sourceTree = SDKROOT; };
		D306B1241A61E14E0039A158 /* MobileCoreServices.framework */ = {isa = PBXFileReference; lastKnownFileType = wrapper.framework; name = MobileCoreServices.framework; path = System/Library/Frameworks/MobileCoreServices.framework; sourceTree = SDKROOT; };
		D306B1261A61E1590039A158 /* QuartzCore.framework */ = {isa = PBXFileReference; lastKnownFileType = wrapper.framework; name = QuartzCore.framework; path = System/Library/Frameworks/QuartzCore.framework; sourceTree = SDKROOT; };
		D306B13E1A61E23C0039A158 /* EnjoyPnD-Bridging-Header.h */ = {isa = PBXFileReference; lastKnownFileType = sourcecode.c.h; path = "EnjoyPnD-Bridging-Header.h"; sourceTree = "<group>"; };
		D306B1411A61E30C0039A158 /* AudioToolbox.framework */ = {isa = PBXFileReference; lastKnownFileType = wrapper.framework; name = AudioToolbox.framework; path = System/Library/Frameworks/AudioToolbox.framework; sourceTree = SDKROOT; };
		D306B1431A61E5480039A158 /* HomeController.swift */ = {isa = PBXFileReference; fileEncoding = 4; lastKnownFileType = sourcecode.swift; path = HomeController.swift; sourceTree = "<group>"; };
		D3AC9ADC1A62042B000A0A76 /* AddInfoController.swift */ = {isa = PBXFileReference; fileEncoding = 4; lastKnownFileType = sourcecode.swift; path = AddInfoController.swift; sourceTree = "<group>"; };
		D3C0F4441A61EB860092F126 /* User.swift */ = {isa = PBXFileReference; fileEncoding = 4; lastKnownFileType = sourcecode.swift; path = User.swift; sourceTree = "<group>"; };
		D3C0F4461A61EC970092F126 /* NoAnimationSegue.swift */ = {isa = PBXFileReference; fileEncoding = 4; lastKnownFileType = sourcecode.swift; path = NoAnimationSegue.swift; sourceTree = "<group>"; };
		D3C0F4481A61EE350092F126 /* LoginViewController.swift */ = {isa = PBXFileReference; fileEncoding = 4; lastKnownFileType = sourcecode.swift; path = LoginViewController.swift; sourceTree = "<group>"; };
		D3C0F44A1A61EE3F0092F126 /* RegisterViewController.swift */ = {isa = PBXFileReference; fileEncoding = 4; lastKnownFileType = sourcecode.swift; path = RegisterViewController.swift; sourceTree = "<group>"; };
/* End PBXFileReference section */

/* Begin PBXFrameworksBuildPhase section */
		D306B0D21A61D3E00039A158 /* Frameworks */ = {
			isa = PBXFrameworksBuildPhase;
			buildActionMask = 2147483647;
			files = (
				D306B1421A61E30C0039A158 /* AudioToolbox.framework in Frameworks */,
				D306B1291A61E1810039A158 /* QuartzCore.framework in Frameworks */,
				D306B12A1A61E1810039A158 /* MobileCoreServices.framework in Frameworks */,
				D306B12B1A61E1810039A158 /* CoreLocation.framework in Frameworks */,
				D306B12C1A61E1810039A158 /* CoreGraphics.framework in Frameworks */,
				D306B12D1A61E1810039A158 /* CFNetwork.framework in Frameworks */,
				D306B12E1A61E1810039A158 /* UIKit.framework in Frameworks */,
				D306B12F1A61E1810039A158 /* Foundation.framework in Frameworks */,
				D306B1301A61E1810039A158 /* SystemConfiguration.framework in Frameworks */,
				D306B1311A61E1810039A158 /* StoreKit.framework in Frameworks */,
				D306B1321A61E1810039A158 /* CoreTelephony.framework in Frameworks */,
				D306B1331A61E1810039A158 /* CoreText.framework in Frameworks */,
				D306B1341A61E1810039A158 /* Security.framework in Frameworks */,
				D306B1351A61E1810039A158 /* Accounts.framework in Frameworks */,
				D306B1361A61E1810039A158 /* Social.framework in Frameworks */,
				D306B1371A61E1810039A158 /* libstdc++.6.dylib in Frameworks */,
				D306B1381A61E1810039A158 /* libsqlite3.dylib in Frameworks */,
				D306B1391A61E1810039A158 /* libz.dylib in Frameworks */,
				D306B13A1A61E1810039A158 /* Bolts.framework in Frameworks */,
				D306B13B1A61E1810039A158 /* Parse.framework in Frameworks */,
				D306B13C1A61E1810039A158 /* ParseCrashReporting.framework in Frameworks */,
			);
			runOnlyForDeploymentPostprocessing = 0;
		};
		D306B0E71A61D3E00039A158 /* Frameworks */ = {
			isa = PBXFrameworksBuildPhase;
			buildActionMask = 2147483647;
			files = (
			);
			runOnlyForDeploymentPostprocessing = 0;
		};
/* End PBXFrameworksBuildPhase section */

/* Begin PBXGroup section */
		D306B0CC1A61D3DF0039A158 = {
			isa = PBXGroup;
			children = (
				D306B0D71A61D3E00039A158 /* EnjoyPnD */,
				D306B0ED1A61D3E00039A158 /* EnjoyPnDTests */,
				D306B1281A61E1660039A158 /* Frameworks */,
				D306B0D61A61D3E00039A158 /* Products */,
			);
			sourceTree = "<group>";
		};
		D306B0D61A61D3E00039A158 /* Products */ = {
			isa = PBXGroup;
			children = (
				D306B0D51A61D3E00039A158 /* EnjoyPnD.app */,
				D306B0EA1A61D3E00039A158 /* EnjoyPnDTests.xctest */,
			);
			name = Products;
			sourceTree = "<group>";
		};
		D306B0D71A61D3E00039A158 /* EnjoyPnD */ = {
			isa = PBXGroup;
			children = (
				D306B0FC1A61DFF20039A158 /* Core */,
				D306B0FD1A61DFFC0039A158 /* Models */,
				D306B0FE1A61E00E0039A158 /* Controllers */,
				D306B0FF1A61E0340039A158 /* Views */,
				D306B0D81A61D3E00039A158 /* Supporting Files */,
			);
			path = EnjoyPnD;
			sourceTree = "<group>";
		};
		D306B0D81A61D3E00039A158 /* Supporting Files */ = {
			isa = PBXGroup;
			children = (
				D306B0FA1A61DF930039A158 /* Ubuntu.ttf */,
				D306B0E11A61D3E00039A158 /* Images.xcassets */,
				D306B0D91A61D3E00039A158 /* Info.plist */,
				D306B13E1A61E23C0039A158 /* EnjoyPnD-Bridging-Header.h */,
			);
			name = "Supporting Files";
			sourceTree = "<group>";
		};
		D306B0ED1A61D3E00039A158 /* EnjoyPnDTests */ = {
			isa = PBXGroup;
			children = (
				D306B0F01A61D3E00039A158 /* EnjoyPnDTests.swift */,
				D306B0EE1A61D3E00039A158 /* Supporting Files */,
			);
			path = EnjoyPnDTests;
			sourceTree = "<group>";
		};
		D306B0EE1A61D3E00039A158 /* Supporting Files */ = {
			isa = PBXGroup;
			children = (
				D306B0EF1A61D3E00039A158 /* Info.plist */,
			);
			name = "Supporting Files";
			sourceTree = "<group>";
		};
		D306B0FC1A61DFF20039A158 /* Core */ = {
			isa = PBXGroup;
			children = (
				D306B0DA1A61D3E00039A158 /* AppDelegate.swift */,
				D306B0DE1A61D3E00039A158 /* Main.storyboard */,
				D3C0F4461A61EC970092F126 /* NoAnimationSegue.swift */,
			);
			name = Core;
			sourceTree = "<group>";
		};
		D306B0FD1A61DFFC0039A158 /* Models */ = {
			isa = PBXGroup;
			children = (
				D3C0F4441A61EB860092F126 /* User.swift */,
			);
			name = Models;
			sourceTree = "<group>";
		};
		D306B0FE1A61E00E0039A158 /* Controllers */ = {
			isa = PBXGroup;
			children = (
				D306B1431A61E5480039A158 /* HomeController.swift */,
				D3C0F4481A61EE350092F126 /* LoginViewController.swift */,
				D3C0F44A1A61EE3F0092F126 /* RegisterViewController.swift */,
				D3AC9ADC1A62042B000A0A76 /* AddInfoController.swift */,
			);
			name = Controllers;
			sourceTree = "<group>";
		};
		D306B0FF1A61E0340039A158 /* Views */ = {
			isa = PBXGroup;
			children = (
			);
			name = Views;
			sourceTree = "<group>";
		};
		D306B1281A61E1660039A158 /* Frameworks */ = {
			isa = PBXGroup;
			children = (
				D306B1411A61E30C0039A158 /* AudioToolbox.framework */,
				D306B1261A61E1590039A158 /* QuartzCore.framework */,
				D306B1241A61E14E0039A158 /* MobileCoreServices.framework */,
				D306B1221A61E1450039A158 /* CoreLocation.framework */,
				D306B1201A61E13D0039A158 /* CoreGraphics.framework */,
				D306B11E1A61E1340039A158 /* CFNetwork.framework */,
				D306B11C1A61E12B0039A158 /* UIKit.framework */,
				D306B11A1A61E1230039A158 /* Foundation.framework */,
				D306B1181A61E11C0039A158 /* SystemConfiguration.framework */,
				D306B1161A61E1100039A158 /* StoreKit.framework */,
				D306B1141A61E1070039A158 /* CoreTelephony.framework */,
				D306B1121A61E0FC0039A158 /* CoreText.framework */,
				D306B1101A61E0F30039A158 /* Security.framework */,
				D306B10E1A61E0E80039A158 /* Accounts.framework */,
				D306B10C1A61E0E00039A158 /* Social.framework */,
				D306B10A1A61E0D60039A158 /* libstdc++.6.dylib */,
				D306B1081A61E0C40039A158 /* libsqlite3.dylib */,
				D306B1061A61E0BA0039A158 /* libz.dylib */,
				D306B1001A61E0780039A158 /* Bolts.framework */,
				D306B1011A61E0780039A158 /* Parse.framework */,
				D306B1021A61E0780039A158 /* ParseCrashReporting.framework */,
			);
			name = Frameworks;
			sourceTree = "<group>";
		};
/* End PBXGroup section */

/* Begin PBXNativeTarget section */
		D306B0D41A61D3E00039A158 /* EnjoyPnD */ = {
			isa = PBXNativeTarget;
			buildConfigurationList = D306B0F41A61D3E00039A158 /* Build configuration list for PBXNativeTarget "EnjoyPnD" */;
			buildPhases = (
				D306B0D11A61D3E00039A158 /* Sources */,
				D306B0D21A61D3E00039A158 /* Frameworks */,
				D306B0D31A61D3E00039A158 /* Resources */,
			);
			buildRules = (
			);
			dependencies = (
			);
			name = EnjoyPnD;
			productName = EnjoyPnD;
			productReference = D306B0D51A61D3E00039A158 /* EnjoyPnD.app */;
			productType = "com.apple.product-type.application";
		};
		D306B0E91A61D3E00039A158 /* EnjoyPnDTests */ = {
			isa = PBXNativeTarget;
			buildConfigurationList = D306B0F71A61D3E00039A158 /* Build configuration list for PBXNativeTarget "EnjoyPnDTests" */;
			buildPhases = (
				D306B0E61A61D3E00039A158 /* Sources */,
				D306B0E71A61D3E00039A158 /* Frameworks */,
				D306B0E81A61D3E00039A158 /* Resources */,
			);
			buildRules = (
			);
			dependencies = (
				D306B0EC1A61D3E00039A158 /* PBXTargetDependency */,
			);
			name = EnjoyPnDTests;
			productName = EnjoyPnDTests;
			productReference = D306B0EA1A61D3E00039A158 /* EnjoyPnDTests.xctest */;
			productType = "com.apple.product-type.bundle.unit-test";
		};
/* End PBXNativeTarget section */

/* Begin PBXProject section */
		D306B0CD1A61D3E00039A158 /* Project object */ = {
			isa = PBXProject;
			attributes = {
				LastUpgradeCheck = 0610;
				ORGANIZATIONNAME = "Brian Vallelunga";
				TargetAttributes = {
					D306B0D41A61D3E00039A158 = {
						CreatedOnToolsVersion = 6.1.1;
						DevelopmentTeam = R5K2X99B7E;
					};
					D306B0E91A61D3E00039A158 = {
						CreatedOnToolsVersion = 6.1.1;
						TestTargetID = D306B0D41A61D3E00039A158;
					};
				};
			};
			buildConfigurationList = D306B0D01A61D3E00039A158 /* Build configuration list for PBXProject "EnjoyPnD" */;
			compatibilityVersion = "Xcode 3.2";
			developmentRegion = English;
			hasScannedForEncodings = 0;
			knownRegions = (
				en,
				Base,
			);
			mainGroup = D306B0CC1A61D3DF0039A158;
			productRefGroup = D306B0D61A61D3E00039A158 /* Products */;
			projectDirPath = "";
			projectRoot = "";
			targets = (
				D306B0D41A61D3E00039A158 /* EnjoyPnD */,
				D306B0E91A61D3E00039A158 /* EnjoyPnDTests */,
			);
		};
/* End PBXProject section */

/* Begin PBXResourcesBuildPhase section */
		D306B0D31A61D3E00039A158 /* Resources */ = {
			isa = PBXResourcesBuildPhase;
			buildActionMask = 2147483647;
			files = (
				D306B0FB1A61DF930039A158 /* Ubuntu.ttf in Resources */,
				D306B0E01A61D3E00039A158 /* Main.storyboard in Resources */,
				D306B0E21A61D3E00039A158 /* Images.xcassets in Resources */,
			);
			runOnlyForDeploymentPostprocessing = 0;
		};
		D306B0E81A61D3E00039A158 /* Resources */ = {
			isa = PBXResourcesBuildPhase;
			buildActionMask = 2147483647;
			files = (
			);
			runOnlyForDeploymentPostprocessing = 0;
		};
/* End PBXResourcesBuildPhase section */

/* Begin PBXSourcesBuildPhase section */
		D306B0D11A61D3E00039A158 /* Sources */ = {
			isa = PBXSourcesBuildPhase;
			buildActionMask = 2147483647;
			files = (
				D306B1441A61E5480039A158 /* HomeController.swift in Sources */,
				D306B0DB1A61D3E00039A158 /* AppDelegate.swift in Sources */,
				D3C0F4451A61EB860092F126 /* User.swift in Sources */,
				D3C0F44B1A61EE3F0092F126 /* RegisterViewController.swift in Sources */,
				D3AC9ADD1A62042B000A0A76 /* AddInfoController.swift in Sources */,
				D3C0F4491A61EE350092F126 /* LoginViewController.swift in Sources */,
				D3C0F4471A61EC970092F126 /* NoAnimationSegue.swift in Sources */,
			);
			runOnlyForDeploymentPostprocessing = 0;
		};
		D306B0E61A61D3E00039A158 /* Sources */ = {
			isa = PBXSourcesBuildPhase;
			buildActionMask = 2147483647;
			files = (
				D306B0F11A61D3E00039A158 /* EnjoyPnDTests.swift in Sources */,
			);
			runOnlyForDeploymentPostprocessing = 0;
		};
/* End PBXSourcesBuildPhase section */

/* Begin PBXTargetDependency section */
		D306B0EC1A61D3E00039A158 /* PBXTargetDependency */ = {
			isa = PBXTargetDependency;
			target = D306B0D41A61D3E00039A158 /* EnjoyPnD */;
			targetProxy = D306B0EB1A61D3E00039A158 /* PBXContainerItemProxy */;
		};
/* End PBXTargetDependency section */

/* Begin PBXVariantGroup section */
		D306B0DE1A61D3E00039A158 /* Main.storyboard */ = {
			isa = PBXVariantGroup;
			children = (
				D306B0DF1A61D3E00039A158 /* Base */,
			);
			name = Main.storyboard;
			sourceTree = "<group>";
		};
/* End PBXVariantGroup section */

/* Begin XCBuildConfiguration section */
		D306B0F21A61D3E00039A158 /* Debug */ = {
			isa = XCBuildConfiguration;
			buildSettings = {
				ALWAYS_SEARCH_USER_PATHS = NO;
				CLANG_CXX_LANGUAGE_STANDARD = "gnu++0x";
				CLANG_CXX_LIBRARY = "libc++";
				CLANG_ENABLE_MODULES = YES;
				CLANG_ENABLE_OBJC_ARC = YES;
				CLANG_WARN_BOOL_CONVERSION = YES;
				CLANG_WARN_CONSTANT_CONVERSION = YES;
				CLANG_WARN_DIRECT_OBJC_ISA_USAGE = YES_ERROR;
				CLANG_WARN_EMPTY_BODY = YES;
				CLANG_WARN_ENUM_CONVERSION = YES;
				CLANG_WARN_INT_CONVERSION = YES;
				CLANG_WARN_OBJC_ROOT_CLASS = YES_ERROR;
				CLANG_WARN_UNREACHABLE_CODE = YES;
				CLANG_WARN__DUPLICATE_METHOD_MATCH = YES;
				"CODE_SIGN_IDENTITY[sdk=iphoneos*]" = "iPhone Developer";
				COPY_PHASE_STRIP = NO;
				ENABLE_STRICT_OBJC_MSGSEND = YES;
				GCC_C_LANGUAGE_STANDARD = gnu99;
				GCC_DYNAMIC_NO_PIC = NO;
				GCC_OPTIMIZATION_LEVEL = 0;
				GCC_PREPROCESSOR_DEFINITIONS = (
					"DEBUG=1",
					"$(inherited)",
				);
				GCC_SYMBOLS_PRIVATE_EXTERN = NO;
				GCC_WARN_64_TO_32_BIT_CONVERSION = YES;
				GCC_WARN_ABOUT_RETURN_TYPE = YES_ERROR;
				GCC_WARN_UNDECLARED_SELECTOR = YES;
				GCC_WARN_UNINITIALIZED_AUTOS = YES_AGGRESSIVE;
				GCC_WARN_UNUSED_FUNCTION = YES;
				GCC_WARN_UNUSED_VARIABLE = YES;
				IPHONEOS_DEPLOYMENT_TARGET = 8.1;
				MTL_ENABLE_DEBUG_INFO = YES;
				ONLY_ACTIVE_ARCH = YES;
				SDKROOT = iphoneos;
				SWIFT_OPTIMIZATION_LEVEL = "-Onone";
				TARGETED_DEVICE_FAMILY = "1,2";
			};
			name = Debug;
		};
		D306B0F31A61D3E00039A158 /* Release */ = {
			isa = XCBuildConfiguration;
			buildSettings = {
				ALWAYS_SEARCH_USER_PATHS = NO;
				CLANG_CXX_LANGUAGE_STANDARD = "gnu++0x";
				CLANG_CXX_LIBRARY = "libc++";
				CLANG_ENABLE_MODULES = YES;
				CLANG_ENABLE_OBJC_ARC = YES;
				CLANG_WARN_BOOL_CONVERSION = YES;
				CLANG_WARN_CONSTANT_CONVERSION = YES;
				CLANG_WARN_DIRECT_OBJC_ISA_USAGE = YES_ERROR;
				CLANG_WARN_EMPTY_BODY = YES;
				CLANG_WARN_ENUM_CONVERSION = YES;
				CLANG_WARN_INT_CONVERSION = YES;
				CLANG_WARN_OBJC_ROOT_CLASS = YES_ERROR;
				CLANG_WARN_UNREACHABLE_CODE = YES;
				CLANG_WARN__DUPLICATE_METHOD_MATCH = YES;
				"CODE_SIGN_IDENTITY[sdk=iphoneos*]" = "iPhone Developer";
				COPY_PHASE_STRIP = YES;
				ENABLE_NS_ASSERTIONS = NO;
				ENABLE_STRICT_OBJC_MSGSEND = YES;
				GCC_C_LANGUAGE_STANDARD = gnu99;
				GCC_WARN_64_TO_32_BIT_CONVERSION = YES;
				GCC_WARN_ABOUT_RETURN_TYPE = YES_ERROR;
				GCC_WARN_UNDECLARED_SELECTOR = YES;
				GCC_WARN_UNINITIALIZED_AUTOS = YES_AGGRESSIVE;
				GCC_WARN_UNUSED_FUNCTION = YES;
				GCC_WARN_UNUSED_VARIABLE = YES;
				IPHONEOS_DEPLOYMENT_TARGET = 8.1;
				MTL_ENABLE_DEBUG_INFO = NO;
				SDKROOT = iphoneos;
				TARGETED_DEVICE_FAMILY = "1,2";
				VALIDATE_PRODUCT = YES;
			};
			name = Release;
		};
		D306B0F51A61D3E00039A158 /* Debug */ = {
			isa = XCBuildConfiguration;
			buildSettings = {
				ASSETCATALOG_COMPILER_APPICON_NAME = AppIcon;
				ASSETCATALOG_COMPILER_LAUNCHIMAGE_NAME = LaunchImage;
				CLANG_ENABLE_MODULES = YES;
				CODE_SIGN_IDENTITY = "iPhone Developer";
				"CODE_SIGN_IDENTITY[sdk=iphoneos*]" = "iPhone Developer";
				FRAMEWORK_SEARCH_PATHS = (
					"$(inherited)",
					"$(PROJECT_DIR)/Frameworks",
				);
				INFOPLIST_FILE = EnjoyPnD/Info.plist;
				IPHONEOS_DEPLOYMENT_TARGET = 7.0;
				LD_RUNPATH_SEARCH_PATHS = "$(inherited) @executable_path/Frameworks";
				PRODUCT_NAME = "$(TARGET_NAME)";
				PROVISIONING_PROFILE = "";
				SWIFT_OBJC_BRIDGING_HEADER = "EnjoyPnD/EnjoyPnD-Bridging-Header.h";
				SWIFT_OPTIMIZATION_LEVEL = "-Onone";
				TARGETED_DEVICE_FAMILY = 1;
			};
			name = Debug;
		};
		D306B0F61A61D3E00039A158 /* Release */ = {
			isa = XCBuildConfiguration;
			buildSettings = {
				ASSETCATALOG_COMPILER_APPICON_NAME = AppIcon;
				ASSETCATALOG_COMPILER_LAUNCHIMAGE_NAME = LaunchImage;
				CLANG_ENABLE_MODULES = YES;
				CODE_SIGN_IDENTITY = "iPhone Developer";
				"CODE_SIGN_IDENTITY[sdk=iphoneos*]" = "iPhone Developer";
				FRAMEWORK_SEARCH_PATHS = (
					"$(inherited)",
					"$(PROJECT_DIR)/Frameworks",
				);
				INFOPLIST_FILE = EnjoyPnD/Info.plist;
				IPHONEOS_DEPLOYMENT_TARGET = 7.0;
				LD_RUNPATH_SEARCH_PATHS = "$(inherited) @executable_path/Frameworks";
				PRODUCT_NAME = "$(TARGET_NAME)";
				PROVISIONING_PROFILE = "";
				SWIFT_OBJC_BRIDGING_HEADER = "EnjoyPnD/EnjoyPnD-Bridging-Header.h";
				TARGETED_DEVICE_FAMILY = 1;
			};
			name = Release;
		};
		D306B0F81A61D3E00039A158 /* Debug */ = {
			isa = XCBuildConfiguration;
			buildSettings = {
				BUNDLE_LOADER = "$(TEST_HOST)";
				FRAMEWORK_SEARCH_PATHS = (
					"$(SDKROOT)/Developer/Library/Frameworks",
					"$(inherited)",
				);
				GCC_PREPROCESSOR_DEFINITIONS = (
					"DEBUG=1",
					"$(inherited)",
				);
				INFOPLIST_FILE = EnjoyPnDTests/Info.plist;
				LD_RUNPATH_SEARCH_PATHS = "$(inherited) @executable_path/Frameworks @loader_path/Frameworks";
				PRODUCT_NAME = "$(TARGET_NAME)";
				TEST_HOST = "$(BUILT_PRODUCTS_DIR)/EnjoyPnD.app/EnjoyPnD";
			};
			name = Debug;
		};
		D306B0F91A61D3E00039A158 /* Release */ = {
			isa = XCBuildConfiguration;
			buildSettings = {
				BUNDLE_LOADER = "$(TEST_HOST)";
				FRAMEWORK_SEARCH_PATHS = (
					"$(SDKROOT)/Developer/Library/Frameworks",
					"$(inherited)",
				);
				INFOPLIST_FILE = EnjoyPnDTests/Info.plist;
				LD_RUNPATH_SEARCH_PATHS = "$(inherited) @executable_path/Frameworks @loader_path/Frameworks";
				PRODUCT_NAME = "$(TARGET_NAME)";
				TEST_HOST = "$(BUILT_PRODUCTS_DIR)/EnjoyPnD.app/EnjoyPnD";
			};
			name = Release;
		};
/* End XCBuildConfiguration section */

/* Begin XCConfigurationList section */
		D306B0D01A61D3E00039A158 /* Build configuration list for PBXProject "EnjoyPnD" */ = {
			isa = XCConfigurationList;
			buildConfigurations = (
				D306B0F21A61D3E00039A158 /* Debug */,
				D306B0F31A61D3E00039A158 /* Release */,
			);
			defaultConfigurationIsVisible = 0;
			defaultConfigurationName = Release;
		};
		D306B0F41A61D3E00039A158 /* Build configuration list for PBXNativeTarget "EnjoyPnD" */ = {
			isa = XCConfigurationList;
			buildConfigurations = (
				D306B0F51A61D3E00039A158 /* Debug */,
				D306B0F61A61D3E00039A158 /* Release */,
			);
			defaultConfigurationIsVisible = 0;
			defaultConfigurationName = Release;
		};
		D306B0F71A61D3E00039A158 /* Build configuration list for PBXNativeTarget "EnjoyPnDTests" */ = {
			isa = XCConfigurationList;
			buildConfigurations = (
				D306B0F81A61D3E00039A158 /* Debug */,
				D306B0F91A61D3E00039A158 /* Release */,
			);
			defaultConfigurationIsVisible = 0;
			defaultConfigurationName = Release;
		};
/* End XCConfigurationList section */
	};
	rootObject = D306B0CD1A61D3E00039A158 /* Project object */;
}
